
Microsoft Visual Studio Solution File, Format Version 12.00
# Visual Studio Version 16
VisualStudioVersion = 16.0.31605.320
MinimumVisualStudioVersion = 10.0.40219.1
Project("{FAE04EC0-301F-11D3-BF4B-00C04F79EFBC}") = "Dungeon_Battles_of_Winterspell", "Dungeon_Battles_of_Winterspell\Dungeon_Battles_of_Winterspell.csproj", "{BB53A539-84F3-4CD6-9A2F-118DEF8171F1}"
EndProject
Project("{FAE04EC0-301F-11D3-BF4B-00C04F79EFBC}") = "Dungeon_Battles_of_Winterspell_Tests", "Dungeon_Battles_of_Winterspell_Tests\Dungeon_Battles_of_Winterspell_Tests.csproj", "{9D6F9B25-4206-491A-992B-096A8BE92F64}"
EndProject
Global
	GlobalSection(SolutionConfigurationPlatforms) = preSolution
		Debug|Any CPU = Debug|Any CPU
		Release|Any CPU = Release|Any CPU
	EndGlobalSection
	GlobalSection(ProjectConfigurationPlatforms) = postSolution
		{BB53A539-84F3-4CD6-9A2F-118DEF8171F1}.Debug|Any CPU.ActiveCfg = Debug|Any CPU
		{BB53A539-84F3-4CD6-9A2F-118DEF8171F1}.Debug|Any CPU.Build.0 = Debug|Any CPU
		{BB53A539-84F3-4CD6-9A2F-118DEF8171F1}.Release|Any CPU.ActiveCfg = Release|Any CPU
		{BB53A539-84F3-4CD6-9A2F-118DEF8171F1}.Release|Any CPU.Build.0 = Release|Any CPU
		{9D6F9B25-4206-491A-992B-096A8BE92F64}.Debug|Any CPU.ActiveCfg = Debug|Any CPU
		{9D6F9B25-4206-491A-992B-096A8BE92F64}.Debug|Any CPU.Build.0 = Debug|Any CPU
		{9D6F9B25-4206-491A-992B-096A8BE92F64}.Release|Any CPU.ActiveCfg = Release|Any CPU
		{9D6F9B25-4206-491A-992B-096A8BE92F64}.Release|Any CPU.Build.0 = Release|Any CPU
	EndGlobalSection
	GlobalSection(SolutionProperties) = preSolution
		HideSolutionNode = FALSE
	EndGlobalSection
	GlobalSection(ExtensibilityGlobals) = postSolution
		SolutionGuid = {5A58CCE1-C5BC-4F41-AFC6-CBFD58B1038A}
	EndGlobalSection
EndGlobal
